// !$*UTF8*$!
{
	archiveVersion = 1;
	classes = {
	};
	objectVersion = 46;
	objects = {

/* Begin PBXBuildFile section */
		7A76A23D1AD9084C0070F75C /* AppDelegate.swift in Sources */ = {isa = PBXBuildFile; fileRef = 7A76A23C1AD9084C0070F75C /* AppDelegate.swift */; };
		7A76A23F1AD9084C0070F75C /* ViewController.swift in Sources */ = {isa = PBXBuildFile; fileRef = 7A76A23E1AD9084C0070F75C /* ViewController.swift */; };
		7A76A2421AD9084C0070F75C /* Main.storyboard in Resources */ = {isa = PBXBuildFile; fileRef = 7A76A2401AD9084C0070F75C /* Main.storyboard */; };
		7A76A2441AD9084C0070F75C /* Images.xcassets in Resources */ = {isa = PBXBuildFile; fileRef = 7A76A2431AD9084C0070F75C /* Images.xcassets */; };
		7A76A2471AD9084C0070F75C /* LaunchScreen.xib in Resources */ = {isa = PBXBuildFile; fileRef = 7A76A2451AD9084C0070F75C /* LaunchScreen.xib */; };
		7A76A2531AD9084C0070F75C /* qiitaListTests.swift in Sources */ = {isa = PBXBuildFile; fileRef = 7A76A2521AD9084C0070F75C /* qiitaListTests.swift */; };
		7A76A25E1AD90BA70070F75C /* QitaListViewController.swift in Sources */ = {isa = PBXBuildFile; fileRef = 7A76A25D1AD90BA70070F75C /* QitaListViewController.swift */; };
		7A76A2631AD90BDF0070F75C /* QiitaListView.swift in Sources */ = {isa = PBXBuildFile; fileRef = 7A76A2621AD90BDF0070F75C /* QiitaListView.swift */; };
		7A76A2651AD90C0D0070F75C /* QiitaViewModel.swift in Sources */ = {isa = PBXBuildFile; fileRef = 7A76A2641AD90C0D0070F75C /* QiitaViewModel.swift */; };
/* End PBXBuildFile section */

/* Begin PBXContainerItemProxy section */
		7A76A24D1AD9084C0070F75C /* PBXContainerItemProxy */ = {
			isa = PBXContainerItemProxy;
			containerPortal = 7A76A22F1AD9084C0070F75C /* Project object */;
			proxyType = 1;
			remoteGlobalIDString = 7A76A2361AD9084C0070F75C;
			remoteInfo = qiitaList;
		};
/* End PBXContainerItemProxy section */

/* Begin PBXFileReference section */
		7A76A2371AD9084C0070F75C /* qiitaList.app */ = {isa = PBXFileReference; explicitFileType = wrapper.application; includeInIndex = 0; path = qiitaList.app; sourceTree = BUILT_PRODUCTS_DIR; };
		7A76A23B1AD9084C0070F75C /* Info.plist */ = {isa = PBXFileReference; lastKnownFileType = text.plist.xml; path = Info.plist; sourceTree = "<group>"; };
		7A76A23C1AD9084C0070F75C /* AppDelegate.swift */ = {isa = PBXFileReference; lastKnownFileType = sourcecode.swift; path = AppDelegate.swift; sourceTree = "<group>"; };
		7A76A23E1AD9084C0070F75C /* ViewController.swift */ = {isa = PBXFileReference; lastKnownFileType = sourcecode.swift; path = ViewController.swift; sourceTree = "<group>"; };
		7A76A2411AD9084C0070F75C /* Base */ = {isa = PBXFileReference; lastKnownFileType = file.storyboard; name = Base; path = Base.lproj/Main.storyboard; sourceTree = "<group>"; };
		7A76A2431AD9084C0070F75C /* Images.xcassets */ = {isa = PBXFileReference; lastKnownFileType = folder.assetcatalog; path = Images.xcassets; sourceTree = "<group>"; };
		7A76A2461AD9084C0070F75C /* Base */ = {isa = PBXFileReference; lastKnownFileType = file.xib; name = Base; path = Base.lproj/LaunchScreen.xib; sourceTree = "<group>"; };
		7A76A24C1AD9084C0070F75C /* qiitaListTests.xctest */ = {isa = PBXFileReference; explicitFileType = wrapper.cfbundle; includeInIndex = 0; path = qiitaListTests.xctest; sourceTree = BUILT_PRODUCTS_DIR; };
		7A76A2511AD9084C0070F75C /* Info.plist */ = {isa = PBXFileReference; lastKnownFileType = text.plist.xml; path = Info.plist; sourceTree = "<group>"; };
		7A76A2521AD9084C0070F75C /* qiitaListTests.swift */ = {isa = PBXFileReference; lastKnownFileType = sourcecode.swift; path = qiitaListTests.swift; sourceTree = "<group>"; };
		7A76A25D1AD90BA70070F75C /* QitaListViewController.swift */ = {isa = PBXFileReference; fileEncoding = 4; lastKnownFileType = sourcecode.swift; path = QitaListViewController.swift; sourceTree = "<group>"; };
		7A76A2621AD90BDF0070F75C /* QiitaListView.swift */ = {isa = PBXFileReference; fileEncoding = 4; lastKnownFileType = sourcecode.swift; path = QiitaListView.swift; sourceTree = "<group>"; };
		7A76A2641AD90C0D0070F75C /* QiitaViewModel.swift */ = {isa = PBXFileReference; fileEncoding = 4; lastKnownFileType = sourcecode.swift; path = QiitaViewModel.swift; sourceTree = "<group>"; };
/* End PBXFileReference section */

/* Begin PBXFrameworksBuildPhase section */
		7A76A2341AD9084C0070F75C /* Frameworks */ = {
			isa = PBXFrameworksBuildPhase;
			buildActionMask = 2147483647;
			files = (
			);
			runOnlyForDeploymentPostprocessing = 0;
		};
		7A76A2491AD9084C0070F75C /* Frameworks */ = {
			isa = PBXFrameworksBuildPhase;
			buildActionMask = 2147483647;
			files = (
			);
			runOnlyForDeploymentPostprocessing = 0;
		};
/* End PBXFrameworksBuildPhase section */

/* Begin PBXGroup section */
		7A76A22E1AD9084C0070F75C = {
			isa = PBXGroup;
			children = (
				7A76A2391AD9084C0070F75C /* qiitaList */,
				7A76A24F1AD9084C0070F75C /* qiitaListTests */,
				7A76A2381AD9084C0070F75C /* Products */,
			);
			sourceTree = "<group>";
		};
		7A76A2381AD9084C0070F75C /* Products */ = {
			isa = PBXGroup;
			children = (
				7A76A2371AD9084C0070F75C /* qiitaList.app */,
				7A76A24C1AD9084C0070F75C /* qiitaListTests.xctest */,
			);
			name = Products;
			sourceTree = "<group>";
		};
		7A76A2391AD9084C0070F75C /* qiitaList */ = {
			isa = PBXGroup;
			children = (
				7A76A25C1AD90B330070F75C /* QiitaLIst */,
				7A76A23C1AD9084C0070F75C /* AppDelegate.swift */,
				7A76A23E1AD9084C0070F75C /* ViewController.swift */,
				7A76A2401AD9084C0070F75C /* Main.storyboard */,
				7A76A2431AD9084C0070F75C /* Images.xcassets */,
				7A76A2451AD9084C0070F75C /* LaunchScreen.xib */,
				7A76A23A1AD9084C0070F75C /* Supporting Files */,
			);
			path = qiitaList;
			sourceTree = "<group>";
		};
		7A76A23A1AD9084C0070F75C /* Supporting Files */ = {
			isa = PBXGroup;
			children = (
				7A76A23B1AD9084C0070F75C /* Info.plist */,
			);
			name = "Supporting Files";
			sourceTree = "<group>";
		};
		7A76A24F1AD9084C0070F75C /* qiitaListTests */ = {
			isa = PBXGroup;
			children = (
				7A76A2521AD9084C0070F75C /* qiitaListTests.swift */,
				7A76A2501AD9084C0070F75C /* Supporting Files */,
			);
			path = qiitaListTests;
			sourceTree = "<group>";
		};
		7A76A2501AD9084C0070F75C /* Supporting Files */ = {
			isa = PBXGroup;
			children = (
				7A76A2511AD9084C0070F75C /* Info.plist */,
			);
			name = "Supporting Files";
			sourceTree = "<group>";
		};
		7A76A25C1AD90B330070F75C /* QiitaLIst */ = {
			isa = PBXGroup;
			children = (
				7A76A25F1AD90BAC0070F75C /* Controller */,
				7A76A2611AD90BBA0070F75C /* Model */,
				7A76A2601AD90BB50070F75C /* View */,
			);
			name = QiitaLIst;
			sourceTree = "<group>";
		};
		7A76A25F1AD90BAC0070F75C /* Controller */ = {
			isa = PBXGroup;
			children = (
				7A76A25D1AD90BA70070F75C /* QitaListViewController.swift */,
			);
			name = Controller;
			sourceTree = "<group>";
		};
		7A76A2601AD90BB50070F75C /* View */ = {
			isa = PBXGroup;
			children = (
				7A76A2621AD90BDF0070F75C /* QiitaListView.swift */,
			);
			name = View;
			sourceTree = "<group>";
		};
		7A76A2611AD90BBA0070F75C /* Model */ = {
			isa = PBXGroup;
			children = (
				7A76A2641AD90C0D0070F75C /* QiitaViewModel.swift */,
			);
			name = Model;
			sourceTree = "<group>";
		};
/* End PBXGroup section */

/* Begin PBXNativeTarget section */
		7A76A2361AD9084C0070F75C /* qiitaList */ = {
			isa = PBXNativeTarget;
			buildConfigurationList = 7A76A2561AD9084C0070F75C /* Build configuration list for PBXNativeTarget "qiitaList" */;
			buildPhases = (
				7A76A2331AD9084C0070F75C /* Sources */,
				7A76A2341AD9084C0070F75C /* Frameworks */,
				7A76A2351AD9084C0070F75C /* Resources */,
			);
			buildRules = (
			);
			dependencies = (
			);
			name = qiitaList;
			productName = qiitaList;
			productReference = 7A76A2371AD9084C0070F75C /* qiitaList.app */;
			productType = "com.apple.product-type.application";
		};
		7A76A24B1AD9084C0070F75C /* qiitaListTests */ = {
			isa = PBXNativeTarget;
			buildConfigurationList = 7A76A2591AD9084C0070F75C /* Build configuration list for PBXNativeTarget "qiitaListTests" */;
			buildPhases = (
				7A76A2481AD9084C0070F75C /* Sources */,
				7A76A2491AD9084C0070F75C /* Frameworks */,
				7A76A24A1AD9084C0070F75C /* Resources */,
			);
			buildRules = (
			);
			dependencies = (
				7A76A24E1AD9084C0070F75C /* PBXTargetDependency */,
			);
			name = qiitaListTests;
			productName = qiitaListTests;
			productReference = 7A76A24C1AD9084C0070F75C /* qiitaListTests.xctest */;
			productType = "com.apple.product-type.bundle.unit-test";
		};
/* End PBXNativeTarget section */

/* Begin PBXProject section */
		7A76A22F1AD9084C0070F75C /* Project object */ = {
			isa = PBXProject;
			attributes = {
				LastUpgradeCheck = 0610;
				ORGANIZATIONNAME = basic;
				TargetAttributes = {
					7A76A2361AD9084C0070F75C = {
						CreatedOnToolsVersion = 6.1.1;
						DevelopmentTeam = ARXB9VDTE4;
					};
					7A76A24B1AD9084C0070F75C = {
						CreatedOnToolsVersion = 6.1.1;
						TestTargetID = 7A76A2361AD9084C0070F75C;
					};
				};
			};
			buildConfigurationList = 7A76A2321AD9084C0070F75C /* Build configuration list for PBXProject "qiitaList" */;
			compatibilityVersion = "Xcode 3.2";
			developmentRegion = English;
			hasScannedForEncodings = 0;
			knownRegions = (
				en,
				Base,
			);
			mainGroup = 7A76A22E1AD9084C0070F75C;
			productRefGroup = 7A76A2381AD9084C0070F75C /* Products */;
			projectDirPath = "";
			projectRoot = "";
			targets = (
				7A76A2361AD9084C0070F75C /* qiitaList */,
				7A76A24B1AD9084C0070F75C /* qiitaListTests */,
			);
		};
/* End PBXProject section */

/* Begin PBXResourcesBuildPhase section */
		7A76A2351AD9084C0070F75C /* Resources */ = {
			isa = PBXResourcesBuildPhase;
			buildActionMask = 2147483647;
			files = (
				7A76A2421AD9084C0070F75C /* Main.storyboard in Resources */,
				7A76A2471AD9084C0070F75C /* LaunchScreen.xib in Resources */,
				7A76A2441AD9084C0070F75C /* Images.xcassets in Resources */,
			);
			runOnlyForDeploymentPostprocessing = 0;
		};
		7A76A24A1AD9084C0070F75C /* Resources */ = {
			isa = PBXResourcesBuildPhase;
			buildActionMask = 2147483647;
			files = (
			);
			runOnlyForDeploymentPostprocessing = 0;
		};
/* End PBXResourcesBuildPhase section */

/* Begin PBXSourcesBuildPhase section */
		7A76A2331AD9084C0070F75C /* Sources */ = {
			isa = PBXSourcesBuildPhase;
			buildActionMask = 2147483647;
			files = (
				7A76A23F1AD9084C0070F75C /* ViewController.swift in Sources */,
				7A76A2631AD90BDF0070F75C /* QiitaListView.swift in Sources */,
				7A76A23D1AD9084C0070F75C /* AppDelegate.swift in Sources */,
				7A76A2651AD90C0D0070F75C /* QiitaViewModel.swift in Sources */,
				7A76A25E1AD90BA70070F75C /* QitaListViewController.swift in Sources */,
			);
			runOnlyForDeploymentPostprocessing = 0;
		};
		7A76A2481AD9084C0070F75C /* Sources */ = {
			isa = PBXSourcesBuildPhase;
			buildActionMask = 2147483647;
			files = (
				7A76A2531AD9084C0070F75C /* qiitaListTests.swift in Sources */,
			);
			runOnlyForDeploymentPostprocessing = 0;
		};
/* End PBXSourcesBuildPhase section */

/* Begin PBXTargetDependency section */
		7A76A24E1AD9084C0070F75C /* PBXTargetDependency */ = {
			isa = PBXTargetDependency;
			target = 7A76A2361AD9084C0070F75C /* qiitaList */;
			targetProxy = 7A76A24D1AD9084C0070F75C /* PBXContainerItemProxy */;
		};
/* End PBXTargetDependency section */

/* Begin PBXVariantGroup section */
		7A76A2401AD9084C0070F75C /* Main.storyboard */ = {
			isa = PBXVariantGroup;
			children = (
				7A76A2411AD9084C0070F75C /* Base */,
			);
			name = Main.storyboard;
			sourceTree = "<group>";
		};
		7A76A2451AD9084C0070F75C /* LaunchScreen.xib */ = {
			isa = PBXVariantGroup;
			children = (
				7A76A2461AD9084C0070F75C /* Base */,
			);
			name = LaunchScreen.xib;
			sourceTree = "<group>";
		};
/* End PBXVariantGroup section */

/* Begin XCBuildConfiguration section */
		7A76A2541AD9084C0070F75C /* Debug */ = {
			isa = XCBuildConfiguration;
			buildSettings = {
				ALWAYS_SEARCH_USER_PATHS = NO;
				CLANG_CXX_LANGUAGE_STANDARD = "gnu++0x";
				CLANG_CXX_LIBRARY = "libc++";
				CLANG_ENABLE_MODULES = YES;
				CLANG_ENABLE_OBJC_ARC = YES;
				CLANG_WARN_BOOL_CONVERSION = YES;
				CLANG_WARN_CONSTANT_CONVERSION = YES;
				CLANG_WARN_DIRECT_OBJC_ISA_USAGE = YES_ERROR;
				CLANG_WARN_EMPTY_BODY = YES;
				CLANG_WARN_ENUM_CONVERSION = YES;
				CLANG_WARN_INT_CONVERSION = YES;
				CLANG_WARN_OBJC_ROOT_CLASS = YES_ERROR;
				CLANG_WARN_UNREACHABLE_CODE = YES;
				CLANG_WARN__DUPLICATE_METHOD_MATCH = YES;
				"CODE_SIGN_IDENTITY[sdk=iphoneos*]" = "iPhone Developer";
				COPY_PHASE_STRIP = NO;
				ENABLE_STRICT_OBJC_MSGSEND = YES;
				GCC_C_LANGUAGE_STANDARD = gnu99;
				GCC_DYNAMIC_NO_PIC = NO;
				GCC_OPTIMIZATION_LEVEL = 0;
				GCC_PREPROCESSOR_DEFINITIONS = (
					"DEBUG=1",
					"$(inherited)",
				);
				GCC_SYMBOLS_PRIVATE_EXTERN = NO;
				GCC_WARN_64_TO_32_BIT_CONVERSION = YES;
				GCC_WARN_ABOUT_RETURN_TYPE = YES_ERROR;
				GCC_WARN_UNDECLARED_SELECTOR = YES;
				GCC_WARN_UNINITIALIZED_AUTOS = YES_AGGRESSIVE;
				GCC_WARN_UNUSED_FUNCTION = YES;
				GCC_WARN_UNUSED_VARIABLE = YES;
				IPHONEOS_DEPLOYMENT_TARGET = 8.1;
				MTL_ENABLE_DEBUG_INFO = YES;
				ONLY_ACTIVE_ARCH = YES;
				SDKROOT = iphoneos;
				SWIFT_OPTIMIZATION_LEVEL = "-Onone";
			};
			name = Debug;
		};
		7A76A2551AD9084C0070F75C /* Release */ = {
			isa = XCBuildConfiguration;
			buildSettings = {
				ALWAYS_SEARCH_USER_PATHS = NO;
				CLANG_CXX_LANGUAGE_STANDARD = "gnu++0x";
				CLANG_CXX_LIBRARY = "libc++";
				CLANG_ENABLE_MODULES = YES;
				CLANG_ENABLE_OBJC_ARC = YES;
				CLANG_WARN_BOOL_CONVERSION = YES;
				CLANG_WARN_CONSTANT_CONVERSION = YES;
				CLANG_WARN_DIRECT_OBJC_ISA_USAGE = YES_ERROR;
				CLANG_WARN_EMPTY_BODY = YES;
				CLANG_WARN_ENUM_CONVERSION = YES;
				CLANG_WARN_INT_CONVERSION = YES;
				CLANG_WARN_OBJC_ROOT_CLASS = YES_ERROR;
				CLANG_WARN_UNREACHABLE_CODE = YES;
				CLANG_WARN__DUPLICATE_METHOD_MATCH = YES;
				"CODE_SIGN_IDENTITY[sdk=iphoneos*]" = "iPhone Developer";
				COPY_PHASE_STRIP = YES;
				ENABLE_NS_ASSERTIONS = NO;
				ENABLE_STRICT_OBJC_MSGSEND = YES;
				GCC_C_LANGUAGE_STANDARD = gnu99;
				GCC_WARN_64_TO_32_BIT_CONVERSION = YES;
				GCC_WARN_ABOUT_RETURN_TYPE = YES_ERROR;
				GCC_WARN_UNDECLARED_SELECTOR = YES;
				GCC_WARN_UNINITIALIZED_AUTOS = YES_AGGRESSIVE;
				GCC_WARN_UNUSED_FUNCTION = YES;
				GCC_WARN_UNUSED_VARIABLE = YES;
				IPHONEOS_DEPLOYMENT_TARGET = 8.1;
				MTL_ENABLE_DEBUG_INFO = NO;
				SDKROOT = iphoneos;
				VALIDATE_PRODUCT = YES;
			};
			name = Release;
		};
		7A76A2571AD9084C0070F75C /* Debug */ = {
			isa = XCBuildConfiguration;
			buildSettings = {
				ASSETCATALOG_COMPILER_APPICON_NAME = AppIcon;
				CODE_SIGN_IDENTITY = "iPhone Developer: SHUN KATATA (WKC4F5BJE6)";
				INFOPLIST_FILE = qiitaList/Info.plist;
				LD_RUNPATH_SEARCH_PATHS = "$(inherited) @executable_path/Frameworks";
				PRODUCT_NAME = "$(TARGET_NAME)";
				PROVISIONING_PROFILE = "5f9d4c60-903c-47ba-bd3a-e98385c1d820";
			};
			name = Debug;
		};
		7A76A2581AD9084C0070F75C /* Release */ = {
			isa = XCBuildConfiguration;
			buildSettings = {
				ASSETCATALOG_COMPILER_APPICON_NAME = AppIcon;
				INFOPLIST_FILE = qiitaList/Info.plist;
				LD_RUNPATH_SEARCH_PATHS = "$(inherited) @executable_path/Frameworks";
				PRODUCT_NAME = "$(TARGET_NAME)";
				PROVISIONING_PROFILE = "5f9d4c60-903c-47ba-bd3a-e98385c1d820";
			};
			name = Release;
		};
		7A76A25A1AD9084C0070F75C /* Debug */ = {
			isa = XCBuildConfiguration;
			buildSettings = {
				BUNDLE_LOADER = "$(TEST_HOST)";
				FRAMEWORK_SEARCH_PATHS = (
					"$(SDKROOT)/Developer/Library/Frameworks",
					"$(inherited)",
				);
				GCC_PREPROCESSOR_DEFINITIONS = (
					"DEBUG=1",
					"$(inherited)",
				);
				INFOPLIST_FILE = qiitaListTests/Info.plist;
				LD_RUNPATH_SEARCH_PATHS = "$(inherited) @executable_path/Frameworks @loader_path/Frameworks";
				PRODUCT_NAME = "$(TARGET_NAME)";
				TEST_HOST = "$(BUILT_PRODUCTS_DIR)/qiitaList.app/qiitaList";
			};
			name = Debug;
		};
		7A76A25B1AD9084C0070F75C /* Release */ = {
			isa = XCBuildConfiguration;
			buildSettings = {
				BUNDLE_LOADER = "$(TEST_HOST)";
				FRAMEWORK_SEARCH_PATHS = (
					"$(SDKROOT)/Developer/Library/Frameworks",
					"$(inherited)",
				);
				INFOPLIST_FILE = qiitaListTests/Info.plist;
				LD_RUNPATH_SEARCH_PATHS = "$(inherited) @executable_path/Frameworks @loader_path/Frameworks";
				PRODUCT_NAME = "$(TARGET_NAME)";
				TEST_HOST = "$(BUILT_PRODUCTS_DIR)/qiitaList.app/qiitaList";
			};
			name = Release;
		};
/* End XCBuildConfiguration section */

/* Begin XCConfigurationList section */
		7A76A2321AD9084C0070F75C /* Build configuration list for PBXProject "qiitaList" */ = {
			isa = XCConfigurationList;
			buildConfigurations = (
				7A76A2541AD9084C0070F75C /* Debug */,
				7A76A2551AD9084C0070F75C /* Release */,
			);
			defaultConfigurationIsVisible = 0;
			defaultConfigurationName = Release;
		};
		7A76A2561AD9084C0070F75C /* Build configuration list for PBXNativeTarget "qiitaList" */ = {
			isa = XCConfigurationList;
			buildConfigurations = (
				7A76A2571AD9084C0070F75C /* Debug */,
				7A76A2581AD9084C0070F75C /* Release */,
			);
			defaultConfigurationIsVisible = 0;
			defaultConfigurationName = Release;
		};
		7A76A2591AD9084C0070F75C /* Build configuration list for PBXNativeTarget "qiitaListTests" */ = {
			isa = XCConfigurationList;
			buildConfigurations = (
				7A76A25A1AD9084C0070F75C /* Debug */,
				7A76A25B1AD9084C0070F75C /* Release */,
			);
			defaultConfigurationIsVisible = 0;
			defaultConfigurationName = Release;
		};
/* End XCConfigurationList section */
	};
	rootObject = 7A76A22F1AD9084C0070F75C /* Project object */;
}
